
Microsoft Visual Studio Solution File, Format Version 12.00
# Visual Studio 2013
VisualStudioVersion = 12.0.40629.0
MinimumVisualStudioVersion = 10.0.40219.1
Project("{FAE04EC0-301F-11D3-BF4B-00C04F79EFBC}") = "QuanLyCuaHangXeMay", "QuanLyCuaHangXeMay\QuanLyCuaHangXeMay.csproj", "{CC4A54EE-0586-40A4-8110-A6DB597E825D}"
EndProject
Project("{FAE04EC0-301F-11D3-BF4B-00C04F79EFBC}") = "QuanLyCuaHangXeMay.BUS", "QuanLyCuaHangXeMay.BUS\QuanLyCuaHangXeMay.BUS.csproj", "{D4F4EA42-8060-4B37-B9A4-3F7977B96CC1}"
EndProject
Project("{FAE04EC0-301F-11D3-BF4B-00C04F79EFBC}") = "QuanLyCuaHangXeMay.DAL", "QuanLyCuaHangXeMay.DAL\QuanLyCuaHangXeMay.DAL.csproj", "{3FB32133-F985-4E13-81C8-702972974B17}"
EndProject
Project("{FAE04EC0-301F-11D3-BF4B-00C04F79EFBC}") = "QuanLyCuaHangXeMay.Entity", "QuanLyCuaHangXeMay.Entity\QuanLyCuaHangXeMay.Entity.csproj", "{5322414B-0A74-493F-94EC-AA1B1EC25CFB}"
EndProject
Global
	GlobalSection(SolutionConfigurationPlatforms) = preSolution
		Debug|Any CPU = Debug|Any CPU
		Release|Any CPU = Release|Any CPU
	EndGlobalSection
	GlobalSection(ProjectConfigurationPlatforms) = postSolution
		{CC4A54EE-0586-40A4-8110-A6DB597E825D}.Debug|Any CPU.ActiveCfg = Debug|Any CPU
		{CC4A54EE-0586-40A4-8110-A6DB597E825D}.Debug|Any CPU.Build.0 = Debug|Any CPU
		{CC4A54EE-0586-40A4-8110-A6DB597E825D}.Release|Any CPU.ActiveCfg = Release|Any CPU
		{CC4A54EE-0586-40A4-8110-A6DB597E825D}.Release|Any CPU.Build.0 = Release|Any CPU
		{D4F4EA42-8060-4B37-B9A4-3F7977B96CC1}.Debug|Any CPU.ActiveCfg = Debug|Any CPU
		{D4F4EA42-8060-4B37-B9A4-3F7977B96CC1}.Debug|Any CPU.Build.0 = Debug|Any CPU
		{D4F4EA42-8060-4B37-B9A4-3F7977B96CC1}.Release|Any CPU.ActiveCfg = Release|Any CPU
		{D4F4EA42-8060-4B37-B9A4-3F7977B96CC1}.Release|Any CPU.Build.0 = Release|Any CPU
		{3FB32133-F985-4E13-81C8-702972974B17}.Debug|Any CPU.ActiveCfg = Debug|Any CPU
		{3FB32133-F985-4E13-81C8-702972974B17}.Debug|Any CPU.Build.0 = Debug|Any CPU
		{3FB32133-F985-4E13-81C8-702972974B17}.Release|Any CPU.ActiveCfg = Release|Any CPU
		{3FB32133-F985-4E13-81C8-702972974B17}.Release|Any CPU.Build.0 = Release|Any CPU
		{5322414B-0A74-493F-94EC-AA1B1EC25CFB}.Debug|Any CPU.ActiveCfg = Debug|Any CPU
		{5322414B-0A74-493F-94EC-AA1B1EC25CFB}.Debug|Any CPU.Build.0 = Debug|Any CPU
		{5322414B-0A74-493F-94EC-AA1B1EC25CFB}.Release|Any CPU.ActiveCfg = Release|Any CPU
		{5322414B-0A74-493F-94EC-AA1B1EC25CFB}.Release|Any CPU.Build.0 = Release|Any CPU
	EndGlobalSection
	GlobalSection(SolutionProperties) = preSolution
		HideSolutionNode = FALSE
	EndGlobalSection
EndGlobal
